<?xml version="1.0" encoding="utf-8"?>
<Project ToolsVersion="4.0" xmlns="http://schemas.microsoft.com/developer/msbuild/2003">
  <ItemGroup>
    <ClCompile Include="Profiler.cpp" />
    <ClCompile Include="Main.cpp">
      <Filter>Main</Filter>
    </ClCompile>
    <ClCompile Include="CCrashDump.cpp">
      <Filter>Utils</Filter>
    </ClCompile>
    <ClCompile Include="Logger.cpp">
      <Filter>Utils</Filter>
    </ClCompile>
  </ItemGroup>
  <ItemGroup>
    <ClInclude Include="Profiler.h" />
    <ClInclude Include="ObjectPool.hpp" />
    <ClInclude Include="TestData.h">
      <Filter>Main</Filter>
    </ClInclude>
    <ClInclude Include="Test.h">
      <Filter>Main</Filter>
    </ClInclude>
    <ClInclude Include="CCrashDump.h">
      <Filter>Utils</Filter>
    </ClInclude>
    <ClInclude Include="Logger.h">
      <Filter>Utils</Filter>
    </ClInclude>
  </ItemGroup>
  <ItemGroup>
    <Filter Include="Main">
      <UniqueIdentifier>{83ee32eb-675e-496b-bec3-10efef198167}</UniqueIdentifier>
    </Filter>
    <Filter Include="Utils">
      <UniqueIdentifier>{5b182d75-c18a-469c-bc43-d6dc5aeca733}</UniqueIdentifier>
    </Filter>
  </ItemGroup>
</Project>