<?xml version="1.0" encoding="utf-8"?>
<Project ToolsVersion="4.0" xmlns="http://schemas.microsoft.com/developer/msbuild/2003">
  <ItemGroup>
    <Filter Include="Containers">
      <UniqueIdentifier>{89f170f8-0f3d-489c-92f4-af158d774a20}</UniqueIdentifier>
    </Filter>
    <Filter Include="Main">
      <UniqueIdentifier>{bb9de5ed-6d2a-4cad-b5b8-f6d613ac7a19}</UniqueIdentifier>
    </Filter>
    <Filter Include="Utils">
      <UniqueIdentifier>{f5214bcf-041e-4f03-8e41-b23f5c5f9cfd}</UniqueIdentifier>
    </Filter>
    <Filter Include="Network">
      <UniqueIdentifier>{5f16ec14-d47a-41cf-9fac-65e328364d48}</UniqueIdentifier>
    </Filter>
  </ItemGroup>
  <ItemGroup>
    <ClCompile Include="ChatServer.cpp">
      <Filter>Main</Filter>
    </ClCompile>
    <ClCompile Include="Main.cpp">
      <Filter>Main</Filter>
    </ClCompile>
    <ClCompile Include="MonitorClient.cpp">
      <Filter>Main</Filter>
    </ClCompile>
    <ClCompile Include="..\..\..\Lib\Network\NetServer.cpp">
      <Filter>Network</Filter>
    </ClCompile>
    <ClCompile Include="..\..\..\Lib\Network\Session.cpp">
      <Filter>Network</Filter>
    </ClCompile>
    <ClCompile Include="..\..\..\Lib\Network\CPacket.cpp">
      <Filter>Network</Filter>
    </ClCompile>
    <ClCompile Include="..\..\..\Lib\Network\LanClient.cpp">
      <Filter>Network</Filter>
    </ClCompile>
    <ClCompile Include="..\..\..\Lib\Utils\Profiler.cpp">
      <Filter>Utils</Filter>
    </ClCompile>
    <ClCompile Include="..\..\..\Lib\Utils\CCrashDump.cpp">
      <Filter>Utils</Filter>
    </ClCompile>
    <ClCompile Include="..\..\..\Lib\Utils\Logger.cpp">
      <Filter>Utils</Filter>
    </ClCompile>
    <ClCompile Include="..\..\..\Lib\Utils\PerformanceMonitor.cpp">
      <Filter>Utils</Filter>
    </ClCompile>
    <ClCompile Include="..\..\..\Lib\Utils\TextParser\TextParser.cpp">
      <Filter>Utils</Filter>
    </ClCompile>
    <ClCompile Include="..\..\..\Lib\Utils\MonitorHelper\CCpuUsage.cpp">
      <Filter>Utils</Filter>
    </ClCompile>
    <ClCompile Include="..\..\..\Lib\Utils\MonitorHelper\NetworkMonitor.cpp">
      <Filter>Utils</Filter>
    </ClCompile>
  </ItemGroup>
  <ItemGroup>
    <ClInclude Include="ChatServer.h">
      <Filter>Main</Filter>
    </ClInclude>
    <ClInclude Include="MonitorClient.h">
      <Filter>Main</Filter>
    </ClInclude>
    <ClInclude Include="CommonProtocol.h">
      <Filter>Main</Filter>
    </ClInclude>
    <ClInclude Include="PacketHandler.h">
      <Filter>Main</Filter>
    </ClInclude>
    <ClInclude Include="..\..\..\Lib\Network\NetServer.h">
      <Filter>Network</Filter>
    </ClInclude>
    <ClInclude Include="..\..\..\Lib\Network\Session.h">
      <Filter>Network</Filter>
    </ClInclude>
    <ClInclude Include="..\..\..\Lib\Network\CPacket.h">
      <Filter>Network</Filter>
    </ClInclude>
    <ClInclude Include="..\..\..\Lib\Network\LanClient.h">
      <Filter>Network</Filter>
    </ClInclude>
    <ClInclude Include="..\..\..\Lib\Utils\Profiler.h">
      <Filter>Utils</Filter>
    </ClInclude>
    <ClInclude Include="..\..\..\Lib\Utils\CCrashDump.h">
      <Filter>Utils</Filter>
    </ClInclude>
    <ClInclude Include="..\..\..\Lib\Utils\ConfigLoader.hpp">
      <Filter>Utils</Filter>
    </ClInclude>
    <ClInclude Include="..\..\..\Lib\Utils\Logger.h">
      <Filter>Utils</Filter>
    </ClInclude>
    <ClInclude Include="..\..\..\Lib\Utils\PerformanceMonitor.h">
      <Filter>Utils</Filter>
    </ClInclude>
    <ClInclude Include="..\..\..\Lib\Utils\TextParser\TextParser.h">
      <Filter>Utils</Filter>
    </ClInclude>
    <ClInclude Include="..\..\..\Lib\Utils\MonitorHelper\CCpuUsage.h">
      <Filter>Utils</Filter>
    </ClInclude>
    <ClInclude Include="..\..\..\Lib\Utils\MonitorHelper\NetworkMonitor.h">
      <Filter>Utils</Filter>
    </ClInclude>
    <ClInclude Include="..\..\..\Lib\Containers\LockFreeQueue.hpp">
      <Filter>Containers</Filter>
    </ClInclude>
    <ClInclude Include="..\..\..\Lib\Containers\LockFreeStack.hpp">
      <Filter>Containers</Filter>
    </ClInclude>
    <ClInclude Include="..\..\..\Lib\Containers\ObjectPool.hpp">
      <Filter>Containers</Filter>
    </ClInclude>
  </ItemGroup>
</Project>